
Microsoft Visual Studio Solution File, Format Version 12.00
# Visual Studio Version 17
VisualStudioVersion = 17.10.35027.167
MinimumVisualStudioVersion = 10.0.40219.1
Project("{FAE04EC0-301F-11D3-BF4B-00C04F79EFBC}") = "SystemTextJson", "SerializationProviders\SystemTextJson\SystemTextJson.csproj", "{E15E491A-E872-91D8-DF7A-CA59C792F064}"
EndProject
Project("{FAE04EC0-301F-11D3-BF4B-00C04F79EFBC}") = "NewtonsoftJson", "SerializationProviders\NewtonsoftJson\NewtonsoftJson.csproj", "{0E096F31-567C-F8D8-0D9E-A3EA66C5C022}"
EndProject
Project("{FAE04EC0-301F-11D3-BF4B-00C04F79EFBC}") = "MD5", "HashProviders\MD5\MD5.csproj", "{E0619188-2081-464B-B5D2-E165156C0D55}"
EndProject
Project("{FAE04EC0-301F-11D3-BF4B-00C04F79EFBC}") = "SHA256", "HashProviders\SHA256\SHA256.csproj", "{9AE15108-1CAF-47F0-9701-0E1F51A6B0E1}"
EndProject
Project("{FAE04EC0-301F-11D3-BF4B-00C04F79EFBC}") = "SHA1", "HashProviders\SHA1\SHA1.csproj", "{88B0D669-32B8-49EE-86F7-F7156345F44B}"
EndProject
Project("{FAE04EC0-301F-11D3-BF4B-00C04F79EFBC}") = "SHA384", "HashProviders\SHA384\SHA384.csproj", "{B7710E36-E093-4EA8-9538-DE8579BCF0BA}"
EndProject
Project("{FAE04EC0-301F-11D3-BF4B-00C04F79EFBC}") = "SHA512", "HashProviders\SHA512\SHA512.csproj", "{AF133317-0C82-4F63-96C7-DDB743E21EAF}"
EndProject
Project("{FAE04EC0-301F-11D3-BF4B-00C04F79EFBC}") = "FNV1_32", "HashProviders\FNV1_32\FNV1_32.csproj", "{1DDD2EF2-AD70-46F0-8192-D87735B548A8}"
EndProject
Project("{FAE04EC0-301F-11D3-BF4B-00C04F79EFBC}") = "FNV1a_32", "HashProviders\FNV1a_32\FNV1a_32.csproj", "{0E859386-8D10-4D4F-9C5B-B700E625B4A6}"
EndProject
Project("{FAE04EC0-301F-11D3-BF4B-00C04F79EFBC}") = "FNV1_64", "HashProviders\FNV1_64\FNV1_64.csproj", "{449DA685-AF0C-4B2C-8F04-3F18B1A60AA2}"
EndProject
Project("{FAE04EC0-301F-11D3-BF4B-00C04F79EFBC}") = "FNV1a_64", "HashProviders\FNV1a_64\FNV1a_64.csproj", "{AED0B718-A955-459F-8182-183E768F55A9}"
EndProject
Project("{FAE04EC0-301F-11D3-BF4B-00C04F79EFBC}") = "Gzip", "CompressionProviders\Gzip\Gzip.csproj", "{C4DB8FE4-35A2-4065-AA73-F2AC9BD86869}"
EndProject
Project("{FAE04EC0-301F-11D3-BF4B-00C04F79EFBC}") = "Aes", "EncryptionProviders\Aes\Aes.csproj", "{A0EB31F2-B08E-4017-94DB-048B93E22EAB}"
EndProject
Project("{FAE04EC0-301F-11D3-BF4B-00C04F79EFBC}") = "Base64", "ObfuscationProviders\Base64\Base64.csproj", "{8664BACB-A355-49E6-AF19-025D92A58F54}"
EndProject
Project("{FAE04EC0-301F-11D3-BF4B-00C04F79EFBC}") = "Native", "FileSystemProviders\Native\Native.csproj", "{7EC854E2-D3C0-4975-8BB9-9100832D1983}"
EndProject
Project("{2150E333-8FDC-42A3-9474-1A3956D46DE8}") = "CompressionProviders", "CompressionProviders", "{02EA681E-C7D8-13C7-8484-4AC65E1B71E8}"
EndProject
Project("{2150E333-8FDC-42A3-9474-1A3956D46DE8}") = "EncryptionProviders", "EncryptionProviders", "{CAE9B03B-FF6F-40CF-B16D-5213BF044EE8}"
EndProject
Project("{2150E333-8FDC-42A3-9474-1A3956D46DE8}") = "FileSystemProviders", "FileSystemProviders", "{B3FD994D-B35D-4D99-A888-D85B96C7D888}"
EndProject
Project("{2150E333-8FDC-42A3-9474-1A3956D46DE8}") = "HashProviders", "HashProviders", "{4A2364E7-68B4-40FD-A5CF-885851EC271C}"
EndProject
Project("{2150E333-8FDC-42A3-9474-1A3956D46DE8}") = "ObfuscationProviders", "ObfuscationProviders", "{E2FCC221-59EE-4937-8BFC-79873724EA2A}"
EndProject
Project("{2150E333-8FDC-42A3-9474-1A3956D46DE8}") = "SerializationProviders", "SerializationProviders", "{81A638BB-9591-4F9F-BF51-41B09A245DC2}"
EndProject
Project("{FAE04EC0-301F-11D3-BF4B-00C04F79EFBC}") = "Common.Tests", "Common.Tests\Common.Tests.csproj", "{56D40661-FBE5-410C-BBEF-BEE428E2693E}"
EndProject
Project("{FAE04EC0-301F-11D3-BF4B-00C04F79EFBC}") = "Brotli", "CompressionProviders\Brotli\Brotli.csproj", "{44AAD724-DA9F-4025-8EE1-50195D7C9D3D}"
EndProject
Project("{FAE04EC0-301F-11D3-BF4B-00C04F79EFBC}") = "Deflate", "CompressionProviders\Deflate\Deflate.csproj", "{12DA6986-4905-428B-B22C-795FF1C7E907}"
EndProject
Project("{FAE04EC0-301F-11D3-BF4B-00C04F79EFBC}") = "ZLib", "CompressionProviders\ZLib\ZLib.csproj", "{5FE3D03C-5345-4613-8408-9E6FDCADDC8E}"
EndProject
Project("{FAE04EC0-301F-11D3-BF4B-00C04F79EFBC}") = "CRC32", "HashProviders\CRC32\CRC32.csproj", "{243039A3-391B-4C79-9753-B73DB0D804D8}"
EndProject
Project("{FAE04EC0-301F-11D3-BF4B-00C04F79EFBC}") = "CRC64", "HashProviders\CRC64\CRC64.csproj", "{FE09113C-670B-4813-A547-9BA6406F5383}"
EndProject
Project("{FAE04EC0-301F-11D3-BF4B-00C04F79EFBC}") = "XxHash32", "HashProviders\XxHash32\XxHash32.csproj", "{2B7A5146-F264-4D64-A13A-2C0C2571074B}"
EndProject
Project("{FAE04EC0-301F-11D3-BF4B-00C04F79EFBC}") = "XxHash64", "HashProviders\XxHash64\XxHash64.csproj", "{777D4BC5-8448-48F0-954C-34BD519843A8}"
EndProject
Project("{FAE04EC0-301F-11D3-BF4B-00C04F79EFBC}") = "XxHash3", "HashProviders\XxHash3\XxHash3.csproj", "{A2B89303-ACBE-4768-8B88-2451ED62F96C}"
EndProject
Project("{FAE04EC0-301F-11D3-BF4B-00C04F79EFBC}") = "XxHash128", "HashProviders\XxHash128\XxHash128.csproj", "{67E4E00A-CF07-43D4-945E-5B19A6297050}"
EndProject
Project("{FAE04EC0-301F-11D3-BF4B-00C04F79EFBC}") = "Hex", "ObfuscationProviders\Hex\Hex.csproj", "{4E8985D7-A868-4F17-A782-2C7B86D6DFB4}"
EndProject
Project("{2150E333-8FDC-42A3-9474-1A3956D46DE8}") = "EncodingProviders", "EncodingProviders", "{0452F02D-1225-FDFD-7B87-A8D5D8B67CD2}"
EndProject
Project("{FAE04EC0-301F-11D3-BF4B-00C04F79EFBC}") = "Base64", "EncodingProviders\Base64\Base64.csproj", "{08D95CBA-F0EA-4EC3-B62F-5DE0401039F8}"
EndProject
Project("{FAE04EC0-301F-11D3-BF4B-00C04F79EFBC}") = "Hex", "EncodingProviders\Hex\Hex.csproj", "{15FD13B4-ECF1-4E92-9E7D-F6FBA28A6954}"
EndProject
Project("{2150E333-8FDC-42A3-9474-1A3956D46DE8}") = "ConfigurationProviders", "ConfigurationProviders", "{8591B607-85C4-7281-F2D9-E7CB135B7177}"
EndProject
Project("{FAE04EC0-301F-11D3-BF4B-00C04F79EFBC}") = "Json", "ConfigurationProviders\Json\Json.csproj", "{DD83779D-6264-499B-A5B5-F8824C309AD3}"
EndProject
Project("{FAE04EC0-301F-11D3-BF4B-00C04F79EFBC}") = "Yaml", "ConfigurationProviders\Yaml\Yaml.csproj", "{77A87C05-9B2C-4B48-9958-C0A222852ECE}"
EndProject
Project("{FAE04EC0-301F-11D3-BF4B-00C04F79EFBC}") = "Toml", "ConfigurationProviders\Toml\Toml.csproj", "{ECF69553-E7CB-4626-AD2B-1FE32610AE83}"
EndProject
Project("{2150E333-8FDC-42A3-9474-1A3956D46DE8}") = "CommandExecutors", "CommandExecutors", "{C81FEFF8-D749-AF91-0C1B-EC93270B12B3}"
EndProject
Project("{FAE04EC0-301F-11D3-BF4B-00C04F79EFBC}") = "Native", "CommandExecutors\Native\Native.csproj", "{37F46FCA-3A78-4DFE-9D0F-D5DB8BFC7CF0}"
EndProject
Project("{2150E333-8FDC-42A3-9474-1A3956D46DE8}") = "LoggingProviders", "LoggingProviders", "{4A416FE8-E053-1292-E978-1ED98D4097C6}"
EndProject
Project("{FAE04EC0-301F-11D3-BF4B-00C04F79EFBC}") = "Console", "LoggingProviders\Console\Console.csproj", "{4D268354-7EED-4F32-A34A-A86EBF3FE89A}"
EndProject
Project("{2150E333-8FDC-42A3-9474-1A3956D46DE8}") = "CacheProviders", "CacheProviders", "{4447266E-9C6F-9FA6-A797-CC9BD21BE1D9}"
EndProject
Project("{FAE04EC0-301F-11D3-BF4B-00C04F79EFBC}") = "InMemory", "CacheProviders\InMemory\InMemory.csproj", "{7C1F7B8D-4B67-4D08-9FAD-2DC340B07BD2}"
EndProject
Project("{2150E333-8FDC-42A3-9474-1A3956D46DE8}") = "NavigationProviders", "NavigationProviders", "{661CAC8D-C69A-F468-CCAA-FAB0B7D1E366}"
EndProject
Project("{FAE04EC0-301F-11D3-BF4B-00C04F79EFBC}") = "InMemory", "NavigationProviders\InMemory\InMemory.csproj", "{D0ECC7FB-E1FB-4D31-B5E6-99284130B88E}"
EndProject
Project("{2150E333-8FDC-42A3-9474-1A3956D46DE8}") = "PersistenceProviders", "PersistenceProviders", "{4E27AAAE-8295-6263-20B4-1651839E6C8B}"
EndProject
Project("{FAE04EC0-301F-11D3-BF4B-00C04F79EFBC}") = "InMemory", "PersistenceProviders\InMemory\InMemory.csproj", "{5BDB39C2-179F-4D88-BE2D-180BC0196A4B}"
EndProject
Global
	GlobalSection(SolutionConfigurationPlatforms) = preSolution
		Debug|Any CPU = Debug|Any CPU
		Debug|x64 = Debug|x64
		Debug|x86 = Debug|x86
		Release|Any CPU = Release|Any CPU
		Release|x64 = Release|x64
		Release|x86 = Release|x86
	EndGlobalSection
	GlobalSection(ProjectConfigurationPlatforms) = postSolution
		{E15E491A-E872-91D8-DF7A-CA59C792F064}.Debug|Any CPU.ActiveCfg = Debug|Any CPU
		{E15E491A-E872-91D8-DF7A-CA59C792F064}.Debug|Any CPU.Build.0 = Debug|Any CPU
		{E15E491A-E872-91D8-DF7A-CA59C792F064}.Debug|x64.ActiveCfg = Debug|Any CPU
		{E15E491A-E872-91D8-DF7A-CA59C792F064}.Debug|x64.Build.0 = Debug|Any CPU
		{E15E491A-E872-91D8-DF7A-CA59C792F064}.Debug|x86.ActiveCfg = Debug|Any CPU
		{E15E491A-E872-91D8-DF7A-CA59C792F064}.Debug|x86.Build.0 = Debug|Any CPU
		{E15E491A-E872-91D8-DF7A-CA59C792F064}.Release|Any CPU.ActiveCfg = Release|Any CPU
		{E15E491A-E872-91D8-DF7A-CA59C792F064}.Release|Any CPU.Build.0 = Release|Any CPU
		{E15E491A-E872-91D8-DF7A-CA59C792F064}.Release|x64.ActiveCfg = Release|Any CPU
		{E15E491A-E872-91D8-DF7A-CA59C792F064}.Release|x64.Build.0 = Release|Any CPU
		{E15E491A-E872-91D8-DF7A-CA59C792F064}.Release|x86.ActiveCfg = Release|Any CPU
		{E15E491A-E872-91D8-DF7A-CA59C792F064}.Release|x86.Build.0 = Release|Any CPU
		{0E096F31-567C-F8D8-0D9E-A3EA66C5C022}.Debug|Any CPU.ActiveCfg = Debug|Any CPU
		{0E096F31-567C-F8D8-0D9E-A3EA66C5C022}.Debug|Any CPU.Build.0 = Debug|Any CPU
		{0E096F31-567C-F8D8-0D9E-A3EA66C5C022}.Debug|x64.ActiveCfg = Debug|Any CPU
		{0E096F31-567C-F8D8-0D9E-A3EA66C5C022}.Debug|x64.Build.0 = Debug|Any CPU
		{0E096F31-567C-F8D8-0D9E-A3EA66C5C022}.Debug|x86.ActiveCfg = Debug|Any CPU
		{0E096F31-567C-F8D8-0D9E-A3EA66C5C022}.Debug|x86.Build.0 = Debug|Any CPU
		{0E096F31-567C-F8D8-0D9E-A3EA66C5C022}.Release|Any CPU.ActiveCfg = Release|Any CPU
		{0E096F31-567C-F8D8-0D9E-A3EA66C5C022}.Release|Any CPU.Build.0 = Release|Any CPU
		{0E096F31-567C-F8D8-0D9E-A3EA66C5C022}.Release|x64.ActiveCfg = Release|Any CPU
		{0E096F31-567C-F8D8-0D9E-A3EA66C5C022}.Release|x64.Build.0 = Release|Any CPU
		{0E096F31-567C-F8D8-0D9E-A3EA66C5C022}.Release|x86.ActiveCfg = Release|Any CPU
		{0E096F31-567C-F8D8-0D9E-A3EA66C5C022}.Release|x86.Build.0 = Release|Any CPU
		{E0619188-2081-464B-B5D2-E165156C0D55}.Debug|Any CPU.ActiveCfg = Debug|Any CPU
		{E0619188-2081-464B-B5D2-E165156C0D55}.Debug|Any CPU.Build.0 = Debug|Any CPU
		{E0619188-2081-464B-B5D2-E165156C0D55}.Debug|x64.ActiveCfg = Debug|Any CPU
		{E0619188-2081-464B-B5D2-E165156C0D55}.Debug|x64.Build.0 = Debug|Any CPU
		{E0619188-2081-464B-B5D2-E165156C0D55}.Debug|x86.ActiveCfg = Debug|Any CPU
		{E0619188-2081-464B-B5D2-E165156C0D55}.Debug|x86.Build.0 = Debug|Any CPU
		{E0619188-2081-464B-B5D2-E165156C0D55}.Release|Any CPU.ActiveCfg = Release|Any CPU
		{E0619188-2081-464B-B5D2-E165156C0D55}.Release|Any CPU.Build.0 = Release|Any CPU
		{E0619188-2081-464B-B5D2-E165156C0D55}.Release|x64.ActiveCfg = Release|Any CPU
		{E0619188-2081-464B-B5D2-E165156C0D55}.Release|x64.Build.0 = Release|Any CPU
		{E0619188-2081-464B-B5D2-E165156C0D55}.Release|x86.ActiveCfg = Release|Any CPU
		{E0619188-2081-464B-B5D2-E165156C0D55}.Release|x86.Build.0 = Release|Any CPU
		{9AE15108-1CAF-47F0-9701-0E1F51A6B0E1}.Debug|Any CPU.ActiveCfg = Debug|Any CPU
		{9AE15108-1CAF-47F0-9701-0E1F51A6B0E1}.Debug|Any CPU.Build.0 = Debug|Any CPU
		{9AE15108-1CAF-47F0-9701-0E1F51A6B0E1}.Debug|x64.ActiveCfg = Debug|Any CPU
		{9AE15108-1CAF-47F0-9701-0E1F51A6B0E1}.Debug|x64.Build.0 = Debug|Any CPU
		{9AE15108-1CAF-47F0-9701-0E1F51A6B0E1}.Debug|x86.ActiveCfg = Debug|Any CPU
		{9AE15108-1CAF-47F0-9701-0E1F51A6B0E1}.Debug|x86.Build.0 = Debug|Any CPU
		{9AE15108-1CAF-47F0-9701-0E1F51A6B0E1}.Release|Any CPU.ActiveCfg = Release|Any CPU
		{9AE15108-1CAF-47F0-9701-0E1F51A6B0E1}.Release|Any CPU.Build.0 = Release|Any CPU
		{9AE15108-1CAF-47F0-9701-0E1F51A6B0E1}.Release|x64.ActiveCfg = Release|Any CPU
		{9AE15108-1CAF-47F0-9701-0E1F51A6B0E1}.Release|x64.Build.0 = Release|Any CPU
		{9AE15108-1CAF-47F0-9701-0E1F51A6B0E1}.Release|x86.ActiveCfg = Release|Any CPU
		{9AE15108-1CAF-47F0-9701-0E1F51A6B0E1}.Release|x86.Build.0 = Release|Any CPU
		{88B0D669-32B8-49EE-86F7-F7156345F44B}.Debug|Any CPU.ActiveCfg = Debug|Any CPU
		{88B0D669-32B8-49EE-86F7-F7156345F44B}.Debug|Any CPU.Build.0 = Debug|Any CPU
		{88B0D669-32B8-49EE-86F7-F7156345F44B}.Debug|x64.ActiveCfg = Debug|Any CPU
		{88B0D669-32B8-49EE-86F7-F7156345F44B}.Debug|x64.Build.0 = Debug|Any CPU
		{88B0D669-32B8-49EE-86F7-F7156345F44B}.Debug|x86.ActiveCfg = Debug|Any CPU
		{88B0D669-32B8-49EE-86F7-F7156345F44B}.Debug|x86.Build.0 = Debug|Any CPU
		{88B0D669-32B8-49EE-86F7-F7156345F44B}.Release|Any CPU.ActiveCfg = Release|Any CPU
		{88B0D669-32B8-49EE-86F7-F7156345F44B}.Release|Any CPU.Build.0 = Release|Any CPU
		{88B0D669-32B8-49EE-86F7-F7156345F44B}.Release|x64.ActiveCfg = Release|Any CPU
		{88B0D669-32B8-49EE-86F7-F7156345F44B}.Release|x64.Build.0 = Release|Any CPU
		{88B0D669-32B8-49EE-86F7-F7156345F44B}.Release|x86.ActiveCfg = Release|Any CPU
		{88B0D669-32B8-49EE-86F7-F7156345F44B}.Release|x86.Build.0 = Release|Any CPU
		{B7710E36-E093-4EA8-9538-DE8579BCF0BA}.Debug|Any CPU.ActiveCfg = Debug|Any CPU
		{B7710E36-E093-4EA8-9538-DE8579BCF0BA}.Debug|Any CPU.Build.0 = Debug|Any CPU
		{B7710E36-E093-4EA8-9538-DE8579BCF0BA}.Debug|x64.ActiveCfg = Debug|Any CPU
		{B7710E36-E093-4EA8-9538-DE8579BCF0BA}.Debug|x64.Build.0 = Debug|Any CPU
		{B7710E36-E093-4EA8-9538-DE8579BCF0BA}.Debug|x86.ActiveCfg = Debug|Any CPU
		{B7710E36-E093-4EA8-9538-DE8579BCF0BA}.Debug|x86.Build.0 = Debug|Any CPU
		{B7710E36-E093-4EA8-9538-DE8579BCF0BA}.Release|Any CPU.ActiveCfg = Release|Any CPU
		{B7710E36-E093-4EA8-9538-DE8579BCF0BA}.Release|Any CPU.Build.0 = Release|Any CPU
		{B7710E36-E093-4EA8-9538-DE8579BCF0BA}.Release|x64.ActiveCfg = Release|Any CPU
		{B7710E36-E093-4EA8-9538-DE8579BCF0BA}.Release|x64.Build.0 = Release|Any CPU
		{B7710E36-E093-4EA8-9538-DE8579BCF0BA}.Release|x86.ActiveCfg = Release|Any CPU
		{B7710E36-E093-4EA8-9538-DE8579BCF0BA}.Release|x86.Build.0 = Release|Any CPU
		{AF133317-0C82-4F63-96C7-DDB743E21EAF}.Debug|Any CPU.ActiveCfg = Debug|Any CPU
		{AF133317-0C82-4F63-96C7-DDB743E21EAF}.Debug|Any CPU.Build.0 = Debug|Any CPU
		{AF133317-0C82-4F63-96C7-DDB743E21EAF}.Debug|x64.ActiveCfg = Debug|Any CPU
		{AF133317-0C82-4F63-96C7-DDB743E21EAF}.Debug|x64.Build.0 = Debug|Any CPU
		{AF133317-0C82-4F63-96C7-DDB743E21EAF}.Debug|x86.ActiveCfg = Debug|Any CPU
		{AF133317-0C82-4F63-96C7-DDB743E21EAF}.Debug|x86.Build.0 = Debug|Any CPU
		{AF133317-0C82-4F63-96C7-DDB743E21EAF}.Release|Any CPU.ActiveCfg = Release|Any CPU
		{AF133317-0C82-4F63-96C7-DDB743E21EAF}.Release|Any CPU.Build.0 = Release|Any CPU
		{AF133317-0C82-4F63-96C7-DDB743E21EAF}.Release|x64.ActiveCfg = Release|Any CPU
		{AF133317-0C82-4F63-96C7-DDB743E21EAF}.Release|x64.Build.0 = Release|Any CPU
		{AF133317-0C82-4F63-96C7-DDB743E21EAF}.Release|x86.ActiveCfg = Release|Any CPU
		{AF133317-0C82-4F63-96C7-DDB743E21EAF}.Release|x86.Build.0 = Release|Any CPU
		{1DDD2EF2-AD70-46F0-8192-D87735B548A8}.Debug|Any CPU.ActiveCfg = Debug|Any CPU
		{1DDD2EF2-AD70-46F0-8192-D87735B548A8}.Debug|Any CPU.Build.0 = Debug|Any CPU
		{1DDD2EF2-AD70-46F0-8192-D87735B548A8}.Debug|x64.ActiveCfg = Debug|Any CPU
		{1DDD2EF2-AD70-46F0-8192-D87735B548A8}.Debug|x64.Build.0 = Debug|Any CPU
		{1DDD2EF2-AD70-46F0-8192-D87735B548A8}.Debug|x86.ActiveCfg = Debug|Any CPU
		{1DDD2EF2-AD70-46F0-8192-D87735B548A8}.Debug|x86.Build.0 = Debug|Any CPU
		{1DDD2EF2-AD70-46F0-8192-D87735B548A8}.Release|Any CPU.ActiveCfg = Release|Any CPU
		{1DDD2EF2-AD70-46F0-8192-D87735B548A8}.Release|Any CPU.Build.0 = Release|Any CPU
		{1DDD2EF2-AD70-46F0-8192-D87735B548A8}.Release|x64.ActiveCfg = Release|Any CPU
		{1DDD2EF2-AD70-46F0-8192-D87735B548A8}.Release|x64.Build.0 = Release|Any CPU
		{1DDD2EF2-AD70-46F0-8192-D87735B548A8}.Release|x86.ActiveCfg = Release|Any CPU
		{1DDD2EF2-AD70-46F0-8192-D87735B548A8}.Release|x86.Build.0 = Release|Any CPU
		{0E859386-8D10-4D4F-9C5B-B700E625B4A6}.Debug|Any CPU.ActiveCfg = Debug|Any CPU
		{0E859386-8D10-4D4F-9C5B-B700E625B4A6}.Debug|Any CPU.Build.0 = Debug|Any CPU
		{0E859386-8D10-4D4F-9C5B-B700E625B4A6}.Debug|x64.ActiveCfg = Debug|Any CPU
		{0E859386-8D10-4D4F-9C5B-B700E625B4A6}.Debug|x64.Build.0 = Debug|Any CPU
		{0E859386-8D10-4D4F-9C5B-B700E625B4A6}.Debug|x86.ActiveCfg = Debug|Any CPU
		{0E859386-8D10-4D4F-9C5B-B700E625B4A6}.Debug|x86.Build.0 = Debug|Any CPU
		{0E859386-8D10-4D4F-9C5B-B700E625B4A6}.Release|Any CPU.ActiveCfg = Release|Any CPU
		{0E859386-8D10-4D4F-9C5B-B700E625B4A6}.Release|Any CPU.Build.0 = Release|Any CPU
		{0E859386-8D10-4D4F-9C5B-B700E625B4A6}.Release|x64.ActiveCfg = Release|Any CPU
		{0E859386-8D10-4D4F-9C5B-B700E625B4A6}.Release|x64.Build.0 = Release|Any CPU
		{0E859386-8D10-4D4F-9C5B-B700E625B4A6}.Release|x86.ActiveCfg = Release|Any CPU
		{0E859386-8D10-4D4F-9C5B-B700E625B4A6}.Release|x86.Build.0 = Release|Any CPU
		{449DA685-AF0C-4B2C-8F04-3F18B1A60AA2}.Debug|Any CPU.ActiveCfg = Debug|Any CPU
		{449DA685-AF0C-4B2C-8F04-3F18B1A60AA2}.Debug|Any CPU.Build.0 = Debug|Any CPU
		{449DA685-AF0C-4B2C-8F04-3F18B1A60AA2}.Debug|x64.ActiveCfg = Debug|Any CPU
		{449DA685-AF0C-4B2C-8F04-3F18B1A60AA2}.Debug|x64.Build.0 = Debug|Any CPU
		{449DA685-AF0C-4B2C-8F04-3F18B1A60AA2}.Debug|x86.ActiveCfg = Debug|Any CPU
		{449DA685-AF0C-4B2C-8F04-3F18B1A60AA2}.Debug|x86.Build.0 = Debug|Any CPU
		{449DA685-AF0C-4B2C-8F04-3F18B1A60AA2}.Release|Any CPU.ActiveCfg = Release|Any CPU
		{449DA685-AF0C-4B2C-8F04-3F18B1A60AA2}.Release|Any CPU.Build.0 = Release|Any CPU
		{449DA685-AF0C-4B2C-8F04-3F18B1A60AA2}.Release|x64.ActiveCfg = Release|Any CPU
		{449DA685-AF0C-4B2C-8F04-3F18B1A60AA2}.Release|x64.Build.0 = Release|Any CPU
		{449DA685-AF0C-4B2C-8F04-3F18B1A60AA2}.Release|x86.ActiveCfg = Release|Any CPU
		{449DA685-AF0C-4B2C-8F04-3F18B1A60AA2}.Release|x86.Build.0 = Release|Any CPU
		{AED0B718-A955-459F-8182-183E768F55A9}.Debug|Any CPU.ActiveCfg = Debug|Any CPU
		{AED0B718-A955-459F-8182-183E768F55A9}.Debug|Any CPU.Build.0 = Debug|Any CPU
		{AED0B718-A955-459F-8182-183E768F55A9}.Debug|x64.ActiveCfg = Debug|Any CPU
		{AED0B718-A955-459F-8182-183E768F55A9}.Debug|x64.Build.0 = Debug|Any CPU
		{AED0B718-A955-459F-8182-183E768F55A9}.Debug|x86.ActiveCfg = Debug|Any CPU
		{AED0B718-A955-459F-8182-183E768F55A9}.Debug|x86.Build.0 = Debug|Any CPU
		{AED0B718-A955-459F-8182-183E768F55A9}.Release|Any CPU.ActiveCfg = Release|Any CPU
		{AED0B718-A955-459F-8182-183E768F55A9}.Release|Any CPU.Build.0 = Release|Any CPU
		{AED0B718-A955-459F-8182-183E768F55A9}.Release|x64.ActiveCfg = Release|Any CPU
		{AED0B718-A955-459F-8182-183E768F55A9}.Release|x64.Build.0 = Release|Any CPU
		{AED0B718-A955-459F-8182-183E768F55A9}.Release|x86.ActiveCfg = Release|Any CPU
		{AED0B718-A955-459F-8182-183E768F55A9}.Release|x86.Build.0 = Release|Any CPU
		{C4DB8FE4-35A2-4065-AA73-F2AC9BD86869}.Debug|Any CPU.ActiveCfg = Debug|Any CPU
		{C4DB8FE4-35A2-4065-AA73-F2AC9BD86869}.Debug|Any CPU.Build.0 = Debug|Any CPU
		{C4DB8FE4-35A2-4065-AA73-F2AC9BD86869}.Debug|x64.ActiveCfg = Debug|Any CPU
		{C4DB8FE4-35A2-4065-AA73-F2AC9BD86869}.Debug|x64.Build.0 = Debug|Any CPU
		{C4DB8FE4-35A2-4065-AA73-F2AC9BD86869}.Debug|x86.ActiveCfg = Debug|Any CPU
		{C4DB8FE4-35A2-4065-AA73-F2AC9BD86869}.Debug|x86.Build.0 = Debug|Any CPU
		{C4DB8FE4-35A2-4065-AA73-F2AC9BD86869}.Release|Any CPU.ActiveCfg = Release|Any CPU
		{C4DB8FE4-35A2-4065-AA73-F2AC9BD86869}.Release|Any CPU.Build.0 = Release|Any CPU
		{C4DB8FE4-35A2-4065-AA73-F2AC9BD86869}.Release|x64.ActiveCfg = Release|Any CPU
		{C4DB8FE4-35A2-4065-AA73-F2AC9BD86869}.Release|x64.Build.0 = Release|Any CPU
		{C4DB8FE4-35A2-4065-AA73-F2AC9BD86869}.Release|x86.ActiveCfg = Release|Any CPU
		{C4DB8FE4-35A2-4065-AA73-F2AC9BD86869}.Release|x86.Build.0 = Release|Any CPU
		{A0EB31F2-B08E-4017-94DB-048B93E22EAB}.Debug|Any CPU.ActiveCfg = Debug|Any CPU
		{A0EB31F2-B08E-4017-94DB-048B93E22EAB}.Debug|Any CPU.Build.0 = Debug|Any CPU
		{A0EB31F2-B08E-4017-94DB-048B93E22EAB}.Debug|x64.ActiveCfg = Debug|Any CPU
		{A0EB31F2-B08E-4017-94DB-048B93E22EAB}.Debug|x64.Build.0 = Debug|Any CPU
		{A0EB31F2-B08E-4017-94DB-048B93E22EAB}.Debug|x86.ActiveCfg = Debug|Any CPU
		{A0EB31F2-B08E-4017-94DB-048B93E22EAB}.Debug|x86.Build.0 = Debug|Any CPU
		{A0EB31F2-B08E-4017-94DB-048B93E22EAB}.Release|Any CPU.ActiveCfg = Release|Any CPU
		{A0EB31F2-B08E-4017-94DB-048B93E22EAB}.Release|Any CPU.Build.0 = Release|Any CPU
		{A0EB31F2-B08E-4017-94DB-048B93E22EAB}.Release|x64.ActiveCfg = Release|Any CPU
		{A0EB31F2-B08E-4017-94DB-048B93E22EAB}.Release|x64.Build.0 = Release|Any CPU
		{A0EB31F2-B08E-4017-94DB-048B93E22EAB}.Release|x86.ActiveCfg = Release|Any CPU
		{A0EB31F2-B08E-4017-94DB-048B93E22EAB}.Release|x86.Build.0 = Release|Any CPU
		{8664BACB-A355-49E6-AF19-025D92A58F54}.Debug|Any CPU.ActiveCfg = Debug|Any CPU
		{8664BACB-A355-49E6-AF19-025D92A58F54}.Debug|Any CPU.Build.0 = Debug|Any CPU
		{8664BACB-A355-49E6-AF19-025D92A58F54}.Debug|x64.ActiveCfg = Debug|Any CPU
		{8664BACB-A355-49E6-AF19-025D92A58F54}.Debug|x64.Build.0 = Debug|Any CPU
		{8664BACB-A355-49E6-AF19-025D92A58F54}.Debug|x86.ActiveCfg = Debug|Any CPU
		{8664BACB-A355-49E6-AF19-025D92A58F54}.Debug|x86.Build.0 = Debug|Any CPU
		{8664BACB-A355-49E6-AF19-025D92A58F54}.Release|Any CPU.ActiveCfg = Release|Any CPU
		{8664BACB-A355-49E6-AF19-025D92A58F54}.Release|Any CPU.Build.0 = Release|Any CPU
		{8664BACB-A355-49E6-AF19-025D92A58F54}.Release|x64.ActiveCfg = Release|Any CPU
		{8664BACB-A355-49E6-AF19-025D92A58F54}.Release|x64.Build.0 = Release|Any CPU
		{8664BACB-A355-49E6-AF19-025D92A58F54}.Release|x86.ActiveCfg = Release|Any CPU
		{8664BACB-A355-49E6-AF19-025D92A58F54}.Release|x86.Build.0 = Release|Any CPU
		{7EC854E2-D3C0-4975-8BB9-9100832D1983}.Debug|Any CPU.ActiveCfg = Debug|Any CPU
		{7EC854E2-D3C0-4975-8BB9-9100832D1983}.Debug|Any CPU.Build.0 = Debug|Any CPU
		{7EC854E2-D3C0-4975-8BB9-9100832D1983}.Debug|x64.ActiveCfg = Debug|Any CPU
		{7EC854E2-D3C0-4975-8BB9-9100832D1983}.Debug|x64.Build.0 = Debug|Any CPU
		{7EC854E2-D3C0-4975-8BB9-9100832D1983}.Debug|x86.ActiveCfg = Debug|Any CPU
		{7EC854E2-D3C0-4975-8BB9-9100832D1983}.Debug|x86.Build.0 = Debug|Any CPU
		{7EC854E2-D3C0-4975-8BB9-9100832D1983}.Release|Any CPU.ActiveCfg = Release|Any CPU
		{7EC854E2-D3C0-4975-8BB9-9100832D1983}.Release|Any CPU.Build.0 = Release|Any CPU
		{7EC854E2-D3C0-4975-8BB9-9100832D1983}.Release|x64.ActiveCfg = Release|Any CPU
		{7EC854E2-D3C0-4975-8BB9-9100832D1983}.Release|x64.Build.0 = Release|Any CPU
		{7EC854E2-D3C0-4975-8BB9-9100832D1983}.Release|x86.ActiveCfg = Release|Any CPU
		{7EC854E2-D3C0-4975-8BB9-9100832D1983}.Release|x86.Build.0 = Release|Any CPU
		{56D40661-FBE5-410C-BBEF-BEE428E2693E}.Debug|Any CPU.ActiveCfg = Debug|Any CPU
		{56D40661-FBE5-410C-BBEF-BEE428E2693E}.Debug|Any CPU.Build.0 = Debug|Any CPU
		{56D40661-FBE5-410C-BBEF-BEE428E2693E}.Debug|x64.ActiveCfg = Debug|Any CPU
		{56D40661-FBE5-410C-BBEF-BEE428E2693E}.Debug|x64.Build.0 = Debug|Any CPU
		{56D40661-FBE5-410C-BBEF-BEE428E2693E}.Debug|x86.ActiveCfg = Debug|Any CPU
		{56D40661-FBE5-410C-BBEF-BEE428E2693E}.Debug|x86.Build.0 = Debug|Any CPU
		{56D40661-FBE5-410C-BBEF-BEE428E2693E}.Release|Any CPU.ActiveCfg = Release|Any CPU
		{56D40661-FBE5-410C-BBEF-BEE428E2693E}.Release|Any CPU.Build.0 = Release|Any CPU
		{56D40661-FBE5-410C-BBEF-BEE428E2693E}.Release|x64.ActiveCfg = Release|Any CPU
		{56D40661-FBE5-410C-BBEF-BEE428E2693E}.Release|x64.Build.0 = Release|Any CPU
		{56D40661-FBE5-410C-BBEF-BEE428E2693E}.Release|x86.ActiveCfg = Release|Any CPU
		{56D40661-FBE5-410C-BBEF-BEE428E2693E}.Release|x86.Build.0 = Release|Any CPU
		{44AAD724-DA9F-4025-8EE1-50195D7C9D3D}.Debug|Any CPU.ActiveCfg = Debug|Any CPU
		{44AAD724-DA9F-4025-8EE1-50195D7C9D3D}.Debug|Any CPU.Build.0 = Debug|Any CPU
		{44AAD724-DA9F-4025-8EE1-50195D7C9D3D}.Debug|x64.ActiveCfg = Debug|Any CPU
		{44AAD724-DA9F-4025-8EE1-50195D7C9D3D}.Debug|x64.Build.0 = Debug|Any CPU
		{44AAD724-DA9F-4025-8EE1-50195D7C9D3D}.Debug|x86.ActiveCfg = Debug|Any CPU
		{44AAD724-DA9F-4025-8EE1-50195D7C9D3D}.Debug|x86.Build.0 = Debug|Any CPU
		{44AAD724-DA9F-4025-8EE1-50195D7C9D3D}.Release|Any CPU.ActiveCfg = Release|Any CPU
		{44AAD724-DA9F-4025-8EE1-50195D7C9D3D}.Release|Any CPU.Build.0 = Release|Any CPU
		{44AAD724-DA9F-4025-8EE1-50195D7C9D3D}.Release|x64.ActiveCfg = Release|Any CPU
		{44AAD724-DA9F-4025-8EE1-50195D7C9D3D}.Release|x64.Build.0 = Release|Any CPU
		{44AAD724-DA9F-4025-8EE1-50195D7C9D3D}.Release|x86.ActiveCfg = Release|Any CPU
		{44AAD724-DA9F-4025-8EE1-50195D7C9D3D}.Release|x86.Build.0 = Release|Any CPU
		{12DA6986-4905-428B-B22C-795FF1C7E907}.Debug|Any CPU.ActiveCfg = Debug|Any CPU
		{12DA6986-4905-428B-B22C-795FF1C7E907}.Debug|Any CPU.Build.0 = Debug|Any CPU
		{12DA6986-4905-428B-B22C-795FF1C7E907}.Debug|x64.ActiveCfg = Debug|Any CPU
		{12DA6986-4905-428B-B22C-795FF1C7E907}.Debug|x64.Build.0 = Debug|Any CPU
		{12DA6986-4905-428B-B22C-795FF1C7E907}.Debug|x86.ActiveCfg = Debug|Any CPU
		{12DA6986-4905-428B-B22C-795FF1C7E907}.Debug|x86.Build.0 = Debug|Any CPU
		{12DA6986-4905-428B-B22C-795FF1C7E907}.Release|Any CPU.ActiveCfg = Release|Any CPU
		{12DA6986-4905-428B-B22C-795FF1C7E907}.Release|Any CPU.Build.0 = Release|Any CPU
		{12DA6986-4905-428B-B22C-795FF1C7E907}.Release|x64.ActiveCfg = Release|Any CPU
		{12DA6986-4905-428B-B22C-795FF1C7E907}.Release|x64.Build.0 = Release|Any CPU
		{12DA6986-4905-428B-B22C-795FF1C7E907}.Release|x86.ActiveCfg = Release|Any CPU
		{12DA6986-4905-428B-B22C-795FF1C7E907}.Release|x86.Build.0 = Release|Any CPU
		{5FE3D03C-5345-4613-8408-9E6FDCADDC8E}.Debug|Any CPU.ActiveCfg = Debug|Any CPU
		{5FE3D03C-5345-4613-8408-9E6FDCADDC8E}.Debug|Any CPU.Build.0 = Debug|Any CPU
		{5FE3D03C-5345-4613-8408-9E6FDCADDC8E}.Debug|x64.ActiveCfg = Debug|Any CPU
		{5FE3D03C-5345-4613-8408-9E6FDCADDC8E}.Debug|x64.Build.0 = Debug|Any CPU
		{5FE3D03C-5345-4613-8408-9E6FDCADDC8E}.Debug|x86.ActiveCfg = Debug|Any CPU
		{5FE3D03C-5345-4613-8408-9E6FDCADDC8E}.Debug|x86.Build.0 = Debug|Any CPU
		{5FE3D03C-5345-4613-8408-9E6FDCADDC8E}.Release|Any CPU.ActiveCfg = Release|Any CPU
		{5FE3D03C-5345-4613-8408-9E6FDCADDC8E}.Release|Any CPU.Build.0 = Release|Any CPU
		{5FE3D03C-5345-4613-8408-9E6FDCADDC8E}.Release|x64.ActiveCfg = Release|Any CPU
		{5FE3D03C-5345-4613-8408-9E6FDCADDC8E}.Release|x64.Build.0 = Release|Any CPU
		{5FE3D03C-5345-4613-8408-9E6FDCADDC8E}.Release|x86.ActiveCfg = Release|Any CPU
		{5FE3D03C-5345-4613-8408-9E6FDCADDC8E}.Release|x86.Build.0 = Release|Any CPU
		{243039A3-391B-4C79-9753-B73DB0D804D8}.Debug|Any CPU.ActiveCfg = Debug|Any CPU
		{243039A3-391B-4C79-9753-B73DB0D804D8}.Debug|Any CPU.Build.0 = Debug|Any CPU
		{243039A3-391B-4C79-9753-B73DB0D804D8}.Debug|x64.ActiveCfg = Debug|Any CPU
		{243039A3-391B-4C79-9753-B73DB0D804D8}.Debug|x64.Build.0 = Debug|Any CPU
		{243039A3-391B-4C79-9753-B73DB0D804D8}.Debug|x86.ActiveCfg = Debug|Any CPU
		{243039A3-391B-4C79-9753-B73DB0D804D8}.Debug|x86.Build.0 = Debug|Any CPU
		{243039A3-391B-4C79-9753-B73DB0D804D8}.Release|Any CPU.ActiveCfg = Release|Any CPU
		{243039A3-391B-4C79-9753-B73DB0D804D8}.Release|Any CPU.Build.0 = Release|Any CPU
		{243039A3-391B-4C79-9753-B73DB0D804D8}.Release|x64.ActiveCfg = Release|Any CPU
		{243039A3-391B-4C79-9753-B73DB0D804D8}.Release|x64.Build.0 = Release|Any CPU
		{243039A3-391B-4C79-9753-B73DB0D804D8}.Release|x86.ActiveCfg = Release|Any CPU
		{243039A3-391B-4C79-9753-B73DB0D804D8}.Release|x86.Build.0 = Release|Any CPU
		{FE09113C-670B-4813-A547-9BA6406F5383}.Debug|Any CPU.ActiveCfg = Debug|Any CPU
		{FE09113C-670B-4813-A547-9BA6406F5383}.Debug|Any CPU.Build.0 = Debug|Any CPU
		{FE09113C-670B-4813-A547-9BA6406F5383}.Debug|x64.ActiveCfg = Debug|Any CPU
		{FE09113C-670B-4813-A547-9BA6406F5383}.Debug|x64.Build.0 = Debug|Any CPU
		{FE09113C-670B-4813-A547-9BA6406F5383}.Debug|x86.ActiveCfg = Debug|Any CPU
		{FE09113C-670B-4813-A547-9BA6406F5383}.Debug|x86.Build.0 = Debug|Any CPU
		{FE09113C-670B-4813-A547-9BA6406F5383}.Release|Any CPU.ActiveCfg = Release|Any CPU
		{FE09113C-670B-4813-A547-9BA6406F5383}.Release|Any CPU.Build.0 = Release|Any CPU
		{FE09113C-670B-4813-A547-9BA6406F5383}.Release|x64.ActiveCfg = Release|Any CPU
		{FE09113C-670B-4813-A547-9BA6406F5383}.Release|x64.Build.0 = Release|Any CPU
		{FE09113C-670B-4813-A547-9BA6406F5383}.Release|x86.ActiveCfg = Release|Any CPU
		{FE09113C-670B-4813-A547-9BA6406F5383}.Release|x86.Build.0 = Release|Any CPU
		{2B7A5146-F264-4D64-A13A-2C0C2571074B}.Debug|Any CPU.ActiveCfg = Debug|Any CPU
		{2B7A5146-F264-4D64-A13A-2C0C2571074B}.Debug|Any CPU.Build.0 = Debug|Any CPU
		{2B7A5146-F264-4D64-A13A-2C0C2571074B}.Debug|x64.ActiveCfg = Debug|Any CPU
		{2B7A5146-F264-4D64-A13A-2C0C2571074B}.Debug|x64.Build.0 = Debug|Any CPU
		{2B7A5146-F264-4D64-A13A-2C0C2571074B}.Debug|x86.ActiveCfg = Debug|Any CPU
		{2B7A5146-F264-4D64-A13A-2C0C2571074B}.Debug|x86.Build.0 = Debug|Any CPU
		{2B7A5146-F264-4D64-A13A-2C0C2571074B}.Release|Any CPU.ActiveCfg = Release|Any CPU
		{2B7A5146-F264-4D64-A13A-2C0C2571074B}.Release|Any CPU.Build.0 = Release|Any CPU
		{2B7A5146-F264-4D64-A13A-2C0C2571074B}.Release|x64.ActiveCfg = Release|Any CPU
		{2B7A5146-F264-4D64-A13A-2C0C2571074B}.Release|x64.Build.0 = Release|Any CPU
		{2B7A5146-F264-4D64-A13A-2C0C2571074B}.Release|x86.ActiveCfg = Release|Any CPU
		{2B7A5146-F264-4D64-A13A-2C0C2571074B}.Release|x86.Build.0 = Release|Any CPU
		{777D4BC5-8448-48F0-954C-34BD519843A8}.Debug|Any CPU.ActiveCfg = Debug|Any CPU
		{777D4BC5-8448-48F0-954C-34BD519843A8}.Debug|Any CPU.Build.0 = Debug|Any CPU
		{777D4BC5-8448-48F0-954C-34BD519843A8}.Debug|x64.ActiveCfg = Debug|Any CPU
		{777D4BC5-8448-48F0-954C-34BD519843A8}.Debug|x64.Build.0 = Debug|Any CPU
		{777D4BC5-8448-48F0-954C-34BD519843A8}.Debug|x86.ActiveCfg = Debug|Any CPU
		{777D4BC5-8448-48F0-954C-34BD519843A8}.Debug|x86.Build.0 = Debug|Any CPU
		{777D4BC5-8448-48F0-954C-34BD519843A8}.Release|Any CPU.ActiveCfg = Release|Any CPU
		{777D4BC5-8448-48F0-954C-34BD519843A8}.Release|Any CPU.Build.0 = Release|Any CPU
		{777D4BC5-8448-48F0-954C-34BD519843A8}.Release|x64.ActiveCfg = Release|Any CPU
		{777D4BC5-8448-48F0-954C-34BD519843A8}.Release|x64.Build.0 = Release|Any CPU
		{777D4BC5-8448-48F0-954C-34BD519843A8}.Release|x86.ActiveCfg = Release|Any CPU
		{777D4BC5-8448-48F0-954C-34BD519843A8}.Release|x86.Build.0 = Release|Any CPU
		{A2B89303-ACBE-4768-8B88-2451ED62F96C}.Debug|Any CPU.ActiveCfg = Debug|Any CPU
		{A2B89303-ACBE-4768-8B88-2451ED62F96C}.Debug|Any CPU.Build.0 = Debug|Any CPU
		{A2B89303-ACBE-4768-8B88-2451ED62F96C}.Debug|x64.ActiveCfg = Debug|Any CPU
		{A2B89303-ACBE-4768-8B88-2451ED62F96C}.Debug|x64.Build.0 = Debug|Any CPU
		{A2B89303-ACBE-4768-8B88-2451ED62F96C}.Debug|x86.ActiveCfg = Debug|Any CPU
		{A2B89303-ACBE-4768-8B88-2451ED62F96C}.Debug|x86.Build.0 = Debug|Any CPU
		{A2B89303-ACBE-4768-8B88-2451ED62F96C}.Release|Any CPU.ActiveCfg = Release|Any CPU
		{A2B89303-ACBE-4768-8B88-2451ED62F96C}.Release|Any CPU.Build.0 = Release|Any CPU
		{A2B89303-ACBE-4768-8B88-2451ED62F96C}.Release|x64.ActiveCfg = Release|Any CPU
		{A2B89303-ACBE-4768-8B88-2451ED62F96C}.Release|x64.Build.0 = Release|Any CPU
		{A2B89303-ACBE-4768-8B88-2451ED62F96C}.Release|x86.ActiveCfg = Release|Any CPU
		{A2B89303-ACBE-4768-8B88-2451ED62F96C}.Release|x86.Build.0 = Release|Any CPU
		{67E4E00A-CF07-43D4-945E-5B19A6297050}.Debug|Any CPU.ActiveCfg = Debug|Any CPU
		{67E4E00A-CF07-43D4-945E-5B19A6297050}.Debug|Any CPU.Build.0 = Debug|Any CPU
		{67E4E00A-CF07-43D4-945E-5B19A6297050}.Debug|x64.ActiveCfg = Debug|Any CPU
		{67E4E00A-CF07-43D4-945E-5B19A6297050}.Debug|x64.Build.0 = Debug|Any CPU
		{67E4E00A-CF07-43D4-945E-5B19A6297050}.Debug|x86.ActiveCfg = Debug|Any CPU
		{67E4E00A-CF07-43D4-945E-5B19A6297050}.Debug|x86.Build.0 = Debug|Any CPU
		{67E4E00A-CF07-43D4-945E-5B19A6297050}.Release|Any CPU.ActiveCfg = Release|Any CPU
		{67E4E00A-CF07-43D4-945E-5B19A6297050}.Release|Any CPU.Build.0 = Release|Any CPU
		{67E4E00A-CF07-43D4-945E-5B19A6297050}.Release|x64.ActiveCfg = Release|Any CPU
		{67E4E00A-CF07-43D4-945E-5B19A6297050}.Release|x64.Build.0 = Release|Any CPU
		{67E4E00A-CF07-43D4-945E-5B19A6297050}.Release|x86.ActiveCfg = Release|Any CPU
		{67E4E00A-CF07-43D4-945E-5B19A6297050}.Release|x86.Build.0 = Release|Any CPU
		{4E8985D7-A868-4F17-A782-2C7B86D6DFB4}.Debug|Any CPU.ActiveCfg = Debug|Any CPU
		{4E8985D7-A868-4F17-A782-2C7B86D6DFB4}.Debug|Any CPU.Build.0 = Debug|Any CPU
		{4E8985D7-A868-4F17-A782-2C7B86D6DFB4}.Debug|x64.ActiveCfg = Debug|Any CPU
		{4E8985D7-A868-4F17-A782-2C7B86D6DFB4}.Debug|x64.Build.0 = Debug|Any CPU
		{4E8985D7-A868-4F17-A782-2C7B86D6DFB4}.Debug|x86.ActiveCfg = Debug|Any CPU
		{4E8985D7-A868-4F17-A782-2C7B86D6DFB4}.Debug|x86.Build.0 = Debug|Any CPU
		{4E8985D7-A868-4F17-A782-2C7B86D6DFB4}.Release|Any CPU.ActiveCfg = Release|Any CPU
		{4E8985D7-A868-4F17-A782-2C7B86D6DFB4}.Release|Any CPU.Build.0 = Release|Any CPU
		{4E8985D7-A868-4F17-A782-2C7B86D6DFB4}.Release|x64.ActiveCfg = Release|Any CPU
		{4E8985D7-A868-4F17-A782-2C7B86D6DFB4}.Release|x64.Build.0 = Release|Any CPU
		{4E8985D7-A868-4F17-A782-2C7B86D6DFB4}.Release|x86.ActiveCfg = Release|Any CPU
		{4E8985D7-A868-4F17-A782-2C7B86D6DFB4}.Release|x86.Build.0 = Release|Any CPU
		{08D95CBA-F0EA-4EC3-B62F-5DE0401039F8}.Debug|Any CPU.ActiveCfg = Debug|Any CPU
		{08D95CBA-F0EA-4EC3-B62F-5DE0401039F8}.Debug|Any CPU.Build.0 = Debug|Any CPU
		{08D95CBA-F0EA-4EC3-B62F-5DE0401039F8}.Debug|x64.ActiveCfg = Debug|Any CPU
		{08D95CBA-F0EA-4EC3-B62F-5DE0401039F8}.Debug|x64.Build.0 = Debug|Any CPU
		{08D95CBA-F0EA-4EC3-B62F-5DE0401039F8}.Debug|x86.ActiveCfg = Debug|Any CPU
		{08D95CBA-F0EA-4EC3-B62F-5DE0401039F8}.Debug|x86.Build.0 = Debug|Any CPU
		{08D95CBA-F0EA-4EC3-B62F-5DE0401039F8}.Release|Any CPU.ActiveCfg = Release|Any CPU
		{08D95CBA-F0EA-4EC3-B62F-5DE0401039F8}.Release|Any CPU.Build.0 = Release|Any CPU
		{08D95CBA-F0EA-4EC3-B62F-5DE0401039F8}.Release|x64.ActiveCfg = Release|Any CPU
		{08D95CBA-F0EA-4EC3-B62F-5DE0401039F8}.Release|x64.Build.0 = Release|Any CPU
		{08D95CBA-F0EA-4EC3-B62F-5DE0401039F8}.Release|x86.ActiveCfg = Release|Any CPU
		{08D95CBA-F0EA-4EC3-B62F-5DE0401039F8}.Release|x86.Build.0 = Release|Any CPU
		{15FD13B4-ECF1-4E92-9E7D-F6FBA28A6954}.Debug|Any CPU.ActiveCfg = Debug|Any CPU
		{15FD13B4-ECF1-4E92-9E7D-F6FBA28A6954}.Debug|Any CPU.Build.0 = Debug|Any CPU
		{15FD13B4-ECF1-4E92-9E7D-F6FBA28A6954}.Debug|x64.ActiveCfg = Debug|Any CPU
		{15FD13B4-ECF1-4E92-9E7D-F6FBA28A6954}.Debug|x64.Build.0 = Debug|Any CPU
		{15FD13B4-ECF1-4E92-9E7D-F6FBA28A6954}.Debug|x86.ActiveCfg = Debug|Any CPU
		{15FD13B4-ECF1-4E92-9E7D-F6FBA28A6954}.Debug|x86.Build.0 = Debug|Any CPU
		{15FD13B4-ECF1-4E92-9E7D-F6FBA28A6954}.Release|Any CPU.ActiveCfg = Release|Any CPU
		{15FD13B4-ECF1-4E92-9E7D-F6FBA28A6954}.Release|Any CPU.Build.0 = Release|Any CPU
		{15FD13B4-ECF1-4E92-9E7D-F6FBA28A6954}.Release|x64.ActiveCfg = Release|Any CPU
		{15FD13B4-ECF1-4E92-9E7D-F6FBA28A6954}.Release|x64.Build.0 = Release|Any CPU
		{15FD13B4-ECF1-4E92-9E7D-F6FBA28A6954}.Release|x86.ActiveCfg = Release|Any CPU
		{15FD13B4-ECF1-4E92-9E7D-F6FBA28A6954}.Release|x86.Build.0 = Release|Any CPU
		{DD83779D-6264-499B-A5B5-F8824C309AD3}.Debug|Any CPU.ActiveCfg = Debug|Any CPU
		{DD83779D-6264-499B-A5B5-F8824C309AD3}.Debug|Any CPU.Build.0 = Debug|Any CPU
		{DD83779D-6264-499B-A5B5-F8824C309AD3}.Debug|x64.ActiveCfg = Debug|Any CPU
		{DD83779D-6264-499B-A5B5-F8824C309AD3}.Debug|x64.Build.0 = Debug|Any CPU
		{DD83779D-6264-499B-A5B5-F8824C309AD3}.Debug|x86.ActiveCfg = Debug|Any CPU
		{DD83779D-6264-499B-A5B5-F8824C309AD3}.Debug|x86.Build.0 = Debug|Any CPU
		{DD83779D-6264-499B-A5B5-F8824C309AD3}.Release|Any CPU.ActiveCfg = Release|Any CPU
		{DD83779D-6264-499B-A5B5-F8824C309AD3}.Release|Any CPU.Build.0 = Release|Any CPU
		{DD83779D-6264-499B-A5B5-F8824C309AD3}.Release|x64.ActiveCfg = Release|Any CPU
		{DD83779D-6264-499B-A5B5-F8824C309AD3}.Release|x64.Build.0 = Release|Any CPU
		{DD83779D-6264-499B-A5B5-F8824C309AD3}.Release|x86.ActiveCfg = Release|Any CPU
		{DD83779D-6264-499B-A5B5-F8824C309AD3}.Release|x86.Build.0 = Release|Any CPU
		{77A87C05-9B2C-4B48-9958-C0A222852ECE}.Debug|Any CPU.ActiveCfg = Debug|Any CPU
		{77A87C05-9B2C-4B48-9958-C0A222852ECE}.Debug|Any CPU.Build.0 = Debug|Any CPU
		{77A87C05-9B2C-4B48-9958-C0A222852ECE}.Debug|x64.ActiveCfg = Debug|Any CPU
		{77A87C05-9B2C-4B48-9958-C0A222852ECE}.Debug|x64.Build.0 = Debug|Any CPU
		{77A87C05-9B2C-4B48-9958-C0A222852ECE}.Debug|x86.ActiveCfg = Debug|Any CPU
		{77A87C05-9B2C-4B48-9958-C0A222852ECE}.Debug|x86.Build.0 = Debug|Any CPU
		{77A87C05-9B2C-4B48-9958-C0A222852ECE}.Release|Any CPU.ActiveCfg = Release|Any CPU
		{77A87C05-9B2C-4B48-9958-C0A222852ECE}.Release|Any CPU.Build.0 = Release|Any CPU
		{77A87C05-9B2C-4B48-9958-C0A222852ECE}.Release|x64.ActiveCfg = Release|Any CPU
		{77A87C05-9B2C-4B48-9958-C0A222852ECE}.Release|x64.Build.0 = Release|Any CPU
		{77A87C05-9B2C-4B48-9958-C0A222852ECE}.Release|x86.ActiveCfg = Release|Any CPU
		{77A87C05-9B2C-4B48-9958-C0A222852ECE}.Release|x86.Build.0 = Release|Any CPU
		{ECF69553-E7CB-4626-AD2B-1FE32610AE83}.Debug|Any CPU.ActiveCfg = Debug|Any CPU
		{ECF69553-E7CB-4626-AD2B-1FE32610AE83}.Debug|Any CPU.Build.0 = Debug|Any CPU
		{ECF69553-E7CB-4626-AD2B-1FE32610AE83}.Debug|x64.ActiveCfg = Debug|Any CPU
		{ECF69553-E7CB-4626-AD2B-1FE32610AE83}.Debug|x64.Build.0 = Debug|Any CPU
		{ECF69553-E7CB-4626-AD2B-1FE32610AE83}.Debug|x86.ActiveCfg = Debug|Any CPU
		{ECF69553-E7CB-4626-AD2B-1FE32610AE83}.Debug|x86.Build.0 = Debug|Any CPU
		{ECF69553-E7CB-4626-AD2B-1FE32610AE83}.Release|Any CPU.ActiveCfg = Release|Any CPU
		{ECF69553-E7CB-4626-AD2B-1FE32610AE83}.Release|Any CPU.Build.0 = Release|Any CPU
		{ECF69553-E7CB-4626-AD2B-1FE32610AE83}.Release|x64.ActiveCfg = Release|Any CPU
		{ECF69553-E7CB-4626-AD2B-1FE32610AE83}.Release|x64.Build.0 = Release|Any CPU
		{ECF69553-E7CB-4626-AD2B-1FE32610AE83}.Release|x86.ActiveCfg = Release|Any CPU
		{ECF69553-E7CB-4626-AD2B-1FE32610AE83}.Release|x86.Build.0 = Release|Any CPU
		{37F46FCA-3A78-4DFE-9D0F-D5DB8BFC7CF0}.Debug|Any CPU.ActiveCfg = Debug|Any CPU
		{37F46FCA-3A78-4DFE-9D0F-D5DB8BFC7CF0}.Debug|Any CPU.Build.0 = Debug|Any CPU
		{37F46FCA-3A78-4DFE-9D0F-D5DB8BFC7CF0}.Debug|x64.ActiveCfg = Debug|Any CPU
		{37F46FCA-3A78-4DFE-9D0F-D5DB8BFC7CF0}.Debug|x64.Build.0 = Debug|Any CPU
		{37F46FCA-3A78-4DFE-9D0F-D5DB8BFC7CF0}.Debug|x86.ActiveCfg = Debug|Any CPU
		{37F46FCA-3A78-4DFE-9D0F-D5DB8BFC7CF0}.Debug|x86.Build.0 = Debug|Any CPU
		{37F46FCA-3A78-4DFE-9D0F-D5DB8BFC7CF0}.Release|Any CPU.ActiveCfg = Release|Any CPU
		{37F46FCA-3A78-4DFE-9D0F-D5DB8BFC7CF0}.Release|Any CPU.Build.0 = Release|Any CPU
		{37F46FCA-3A78-4DFE-9D0F-D5DB8BFC7CF0}.Release|x64.ActiveCfg = Release|Any CPU
		{37F46FCA-3A78-4DFE-9D0F-D5DB8BFC7CF0}.Release|x64.Build.0 = Release|Any CPU
		{37F46FCA-3A78-4DFE-9D0F-D5DB8BFC7CF0}.Release|x86.ActiveCfg = Release|Any CPU
		{37F46FCA-3A78-4DFE-9D0F-D5DB8BFC7CF0}.Release|x86.Build.0 = Release|Any CPU
		{4D268354-7EED-4F32-A34A-A86EBF3FE89A}.Debug|Any CPU.ActiveCfg = Debug|Any CPU
		{4D268354-7EED-4F32-A34A-A86EBF3FE89A}.Debug|Any CPU.Build.0 = Debug|Any CPU
		{4D268354-7EED-4F32-A34A-A86EBF3FE89A}.Debug|x64.ActiveCfg = Debug|Any CPU
		{4D268354-7EED-4F32-A34A-A86EBF3FE89A}.Debug|x64.Build.0 = Debug|Any CPU
		{4D268354-7EED-4F32-A34A-A86EBF3FE89A}.Debug|x86.ActiveCfg = Debug|Any CPU
		{4D268354-7EED-4F32-A34A-A86EBF3FE89A}.Debug|x86.Build.0 = Debug|Any CPU
		{4D268354-7EED-4F32-A34A-A86EBF3FE89A}.Release|Any CPU.ActiveCfg = Release|Any CPU
		{4D268354-7EED-4F32-A34A-A86EBF3FE89A}.Release|Any CPU.Build.0 = Release|Any CPU
		{4D268354-7EED-4F32-A34A-A86EBF3FE89A}.Release|x64.ActiveCfg = Release|Any CPU
		{4D268354-7EED-4F32-A34A-A86EBF3FE89A}.Release|x64.Build.0 = Release|Any CPU
		{4D268354-7EED-4F32-A34A-A86EBF3FE89A}.Release|x86.ActiveCfg = Release|Any CPU
		{4D268354-7EED-4F32-A34A-A86EBF3FE89A}.Release|x86.Build.0 = Release|Any CPU
		{7C1F7B8D-4B67-4D08-9FAD-2DC340B07BD2}.Debug|Any CPU.ActiveCfg = Debug|Any CPU
		{7C1F7B8D-4B67-4D08-9FAD-2DC340B07BD2}.Debug|Any CPU.Build.0 = Debug|Any CPU
		{7C1F7B8D-4B67-4D08-9FAD-2DC340B07BD2}.Debug|x64.ActiveCfg = Debug|Any CPU
		{7C1F7B8D-4B67-4D08-9FAD-2DC340B07BD2}.Debug|x64.Build.0 = Debug|Any CPU
		{7C1F7B8D-4B67-4D08-9FAD-2DC340B07BD2}.Debug|x86.ActiveCfg = Debug|Any CPU
		{7C1F7B8D-4B67-4D08-9FAD-2DC340B07BD2}.Debug|x86.Build.0 = Debug|Any CPU
		{7C1F7B8D-4B67-4D08-9FAD-2DC340B07BD2}.Release|Any CPU.ActiveCfg = Release|Any CPU
		{7C1F7B8D-4B67-4D08-9FAD-2DC340B07BD2}.Release|Any CPU.Build.0 = Release|Any CPU
		{7C1F7B8D-4B67-4D08-9FAD-2DC340B07BD2}.Release|x64.ActiveCfg = Release|Any CPU
		{7C1F7B8D-4B67-4D08-9FAD-2DC340B07BD2}.Release|x64.Build.0 = Release|Any CPU
		{7C1F7B8D-4B67-4D08-9FAD-2DC340B07BD2}.Release|x86.ActiveCfg = Release|Any CPU
		{7C1F7B8D-4B67-4D08-9FAD-2DC340B07BD2}.Release|x86.Build.0 = Release|Any CPU
		{D0ECC7FB-E1FB-4D31-B5E6-99284130B88E}.Debug|Any CPU.ActiveCfg = Debug|Any CPU
		{D0ECC7FB-E1FB-4D31-B5E6-99284130B88E}.Debug|Any CPU.Build.0 = Debug|Any CPU
		{D0ECC7FB-E1FB-4D31-B5E6-99284130B88E}.Debug|x64.ActiveCfg = Debug|Any CPU
		{D0ECC7FB-E1FB-4D31-B5E6-99284130B88E}.Debug|x64.Build.0 = Debug|Any CPU
		{D0ECC7FB-E1FB-4D31-B5E6-99284130B88E}.Debug|x86.ActiveCfg = Debug|Any CPU
		{D0ECC7FB-E1FB-4D31-B5E6-99284130B88E}.Debug|x86.Build.0 = Debug|Any CPU
		{D0ECC7FB-E1FB-4D31-B5E6-99284130B88E}.Release|Any CPU.ActiveCfg = Release|Any CPU
		{D0ECC7FB-E1FB-4D31-B5E6-99284130B88E}.Release|Any CPU.Build.0 = Release|Any CPU
		{D0ECC7FB-E1FB-4D31-B5E6-99284130B88E}.Release|x64.ActiveCfg = Release|Any CPU
		{D0ECC7FB-E1FB-4D31-B5E6-99284130B88E}.Release|x64.Build.0 = Release|Any CPU
		{D0ECC7FB-E1FB-4D31-B5E6-99284130B88E}.Release|x86.ActiveCfg = Release|Any CPU
		{D0ECC7FB-E1FB-4D31-B5E6-99284130B88E}.Release|x86.Build.0 = Release|Any CPU
		{5BDB39C2-179F-4D88-BE2D-180BC0196A4B}.Debug|Any CPU.ActiveCfg = Debug|Any CPU
		{5BDB39C2-179F-4D88-BE2D-180BC0196A4B}.Debug|Any CPU.Build.0 = Debug|Any CPU
		{5BDB39C2-179F-4D88-BE2D-180BC0196A4B}.Debug|x64.ActiveCfg = Debug|Any CPU
		{5BDB39C2-179F-4D88-BE2D-180BC0196A4B}.Debug|x64.Build.0 = Debug|Any CPU
		{5BDB39C2-179F-4D88-BE2D-180BC0196A4B}.Debug|x86.ActiveCfg = Debug|Any CPU
		{5BDB39C2-179F-4D88-BE2D-180BC0196A4B}.Debug|x86.Build.0 = Debug|Any CPU
		{5BDB39C2-179F-4D88-BE2D-180BC0196A4B}.Release|Any CPU.ActiveCfg = Release|Any CPU
		{5BDB39C2-179F-4D88-BE2D-180BC0196A4B}.Release|Any CPU.Build.0 = Release|Any CPU
		{5BDB39C2-179F-4D88-BE2D-180BC0196A4B}.Release|x64.ActiveCfg = Release|Any CPU
		{5BDB39C2-179F-4D88-BE2D-180BC0196A4B}.Release|x64.Build.0 = Release|Any CPU
		{5BDB39C2-179F-4D88-BE2D-180BC0196A4B}.Release|x86.ActiveCfg = Release|Any CPU
		{5BDB39C2-179F-4D88-BE2D-180BC0196A4B}.Release|x86.Build.0 = Release|Any CPU
	EndGlobalSection
	GlobalSection(SolutionProperties) = preSolution
		HideSolutionNode = FALSE
	EndGlobalSection
	GlobalSection(NestedProjects) = preSolution
		{E15E491A-E872-91D8-DF7A-CA59C792F064} = {81A638BB-9591-4F9F-BF51-41B09A245DC2}
		{0E096F31-567C-F8D8-0D9E-A3EA66C5C022} = {81A638BB-9591-4F9F-BF51-41B09A245DC2}
		{E0619188-2081-464B-B5D2-E165156C0D55} = {4A2364E7-68B4-40FD-A5CF-885851EC271C}
		{9AE15108-1CAF-47F0-9701-0E1F51A6B0E1} = {4A2364E7-68B4-40FD-A5CF-885851EC271C}
		{88B0D669-32B8-49EE-86F7-F7156345F44B} = {4A2364E7-68B4-40FD-A5CF-885851EC271C}
		{B7710E36-E093-4EA8-9538-DE8579BCF0BA} = {4A2364E7-68B4-40FD-A5CF-885851EC271C}
		{AF133317-0C82-4F63-96C7-DDB743E21EAF} = {4A2364E7-68B4-40FD-A5CF-885851EC271C}
		{1DDD2EF2-AD70-46F0-8192-D87735B548A8} = {4A2364E7-68B4-40FD-A5CF-885851EC271C}
		{0E859386-8D10-4D4F-9C5B-B700E625B4A6} = {4A2364E7-68B4-40FD-A5CF-885851EC271C}
		{449DA685-AF0C-4B2C-8F04-3F18B1A60AA2} = {4A2364E7-68B4-40FD-A5CF-885851EC271C}
		{AED0B718-A955-459F-8182-183E768F55A9} = {4A2364E7-68B4-40FD-A5CF-885851EC271C}
		{C4DB8FE4-35A2-4065-AA73-F2AC9BD86869} = {02EA681E-C7D8-13C7-8484-4AC65E1B71E8}
		{A0EB31F2-B08E-4017-94DB-048B93E22EAB} = {CAE9B03B-FF6F-40CF-B16D-5213BF044EE8}
		{8664BACB-A355-49E6-AF19-025D92A58F54} = {E2FCC221-59EE-4937-8BFC-79873724EA2A}
		{7EC854E2-D3C0-4975-8BB9-9100832D1983} = {B3FD994D-B35D-4D99-A888-D85B96C7D888}
		{44AAD724-DA9F-4025-8EE1-50195D7C9D3D} = {02EA681E-C7D8-13C7-8484-4AC65E1B71E8}
		{12DA6986-4905-428B-B22C-795FF1C7E907} = {02EA681E-C7D8-13C7-8484-4AC65E1B71E8}
		{5FE3D03C-5345-4613-8408-9E6FDCADDC8E} = {02EA681E-C7D8-13C7-8484-4AC65E1B71E8}
		{243039A3-391B-4C79-9753-B73DB0D804D8} = {4A2364E7-68B4-40FD-A5CF-885851EC271C}
		{FE09113C-670B-4813-A547-9BA6406F5383} = {4A2364E7-68B4-40FD-A5CF-885851EC271C}
		{2B7A5146-F264-4D64-A13A-2C0C2571074B} = {4A2364E7-68B4-40FD-A5CF-885851EC271C}
		{777D4BC5-8448-48F0-954C-34BD519843A8} = {4A2364E7-68B4-40FD-A5CF-885851EC271C}
		{A2B89303-ACBE-4768-8B88-2451ED62F96C} = {4A2364E7-68B4-40FD-A5CF-885851EC271C}
		{67E4E00A-CF07-43D4-945E-5B19A6297050} = {4A2364E7-68B4-40FD-A5CF-885851EC271C}
		{4E8985D7-A868-4F17-A782-2C7B86D6DFB4} = {E2FCC221-59EE-4937-8BFC-79873724EA2A}
		{08D95CBA-F0EA-4EC3-B62F-5DE0401039F8} = {0452F02D-1225-FDFD-7B87-A8D5D8B67CD2}
		{15FD13B4-ECF1-4E92-9E7D-F6FBA28A6954} = {0452F02D-1225-FDFD-7B87-A8D5D8B67CD2}
		{DD83779D-6264-499B-A5B5-F8824C309AD3} = {8591B607-85C4-7281-F2D9-E7CB135B7177}
		{77A87C05-9B2C-4B48-9958-C0A222852ECE} = {8591B607-85C4-7281-F2D9-E7CB135B7177}
		{ECF69553-E7CB-4626-AD2B-1FE32610AE83} = {8591B607-85C4-7281-F2D9-E7CB135B7177}
		{37F46FCA-3A78-4DFE-9D0F-D5DB8BFC7CF0} = {C81FEFF8-D749-AF91-0C1B-EC93270B12B3}
		{4D268354-7EED-4F32-A34A-A86EBF3FE89A} = {4A416FE8-E053-1292-E978-1ED98D4097C6}
		{7C1F7B8D-4B67-4D08-9FAD-2DC340B07BD2} = {4447266E-9C6F-9FA6-A797-CC9BD21BE1D9}
		{D0ECC7FB-E1FB-4D31-B5E6-99284130B88E} = {661CAC8D-C69A-F468-CCAA-FAB0B7D1E366}
		{5BDB39C2-179F-4D88-BE2D-180BC0196A4B} = {4E27AAAE-8295-6263-20B4-1651839E6C8B}
	EndGlobalSection
	GlobalSection(ExtensibilityGlobals) = postSolution
		SolutionGuid = {2E50CC6F-8A09-4887-8D00-978187B49416}
	EndGlobalSection
EndGlobal
